
Microsoft Visual Studio Solution File, Format Version 12.00
# Visual Studio 14
VisualStudioVersion = 14.0.25420.1
MinimumVisualStudioVersion = 10.0.40219.1
Project("{8BC9CEB8-8B4A-11D0-8D11-00A0C91BC942}") = "Project1", "Project1\Project1.vcxproj", "{091CF5C2-F906-4649-A6CE-892FFBA014C3}"
EndProject
Project("{8BC9CEB8-8B4A-11D0-8D11-00A0C91BC942}") = "Encoder", "Encoder\Encoder.vcxproj", "{7FD98324-2549-4509-97FA-E7C0883CF6CB}"
EndProject
Project("{8BC9CEB8-8B4A-11D0-8D11-00A0C91BC942}") = "Decoder", "Decoder\Decoder.vcxproj", "{D6DB358B-0EED-4B32-B5F9-40304915453F}"
EndProject
Global
	GlobalSection(SolutionConfigurationPlatforms) = preSolution
		Debug|x64 = Debug|x64
		Debug|x86 = Debug|x86
		Release|x64 = Release|x64
		Release|x86 = Release|x86
	EndGlobalSection
	GlobalSection(ProjectConfigurationPlatforms) = postSolution
		{091CF5C2-F906-4649-A6CE-892FFBA014C3}.Debug|x64.ActiveCfg = Debug|x64
		{091CF5C2-F906-4649-A6CE-892FFBA014C3}.Debug|x64.Build.0 = Debug|x64
		{091CF5C2-F906-4649-A6CE-892FFBA014C3}.Debug|x86.ActiveCfg = Debug|Win32
		{091CF5C2-F906-4649-A6CE-892FFBA014C3}.Debug|x86.Build.0 = Debug|Win32
		{091CF5C2-F906-4649-A6CE-892FFBA014C3}.Release|x64.ActiveCfg = Release|x64
		{091CF5C2-F906-4649-A6CE-892FFBA014C3}.Release|x64.Build.0 = Release|x64
		{091CF5C2-F906-4649-A6CE-892FFBA014C3}.Release|x86.ActiveCfg = Release|Win32
		{091CF5C2-F906-4649-A6CE-892FFBA014C3}.Release|x86.Build.0 = Release|Win32
		{7FD98324-2549-4509-97FA-E7C0883CF6CB}.Debug|x64.ActiveCfg = Debug|x64
		{7FD98324-2549-4509-97FA-E7C0883CF6CB}.Debug|x64.Build.0 = Debug|x64
		{7FD98324-2549-4509-97FA-E7C0883CF6CB}.Debug|x86.ActiveCfg = Debug|Win32
		{7FD98324-2549-4509-97FA-E7C0883CF6CB}.Debug|x86.Build.0 = Debug|Win32
		{7FD98324-2549-4509-97FA-E7C0883CF6CB}.Release|x64.ActiveCfg = Release|x64
		{7FD98324-2549-4509-97FA-E7C0883CF6CB}.Release|x64.Build.0 = Release|x64
		{7FD98324-2549-4509-97FA-E7C0883CF6CB}.Release|x86.ActiveCfg = Release|Win32
		{7FD98324-2549-4509-97FA-E7C0883CF6CB}.Release|x86.Build.0 = Release|Win32
		{D6DB358B-0EED-4B32-B5F9-40304915453F}.Debug|x64.ActiveCfg = Debug|x64
		{D6DB358B-0EED-4B32-B5F9-40304915453F}.Debug|x64.Build.0 = Debug|x64
		{D6DB358B-0EED-4B32-B5F9-40304915453F}.Debug|x86.ActiveCfg = Debug|Win32
		{D6DB358B-0EED-4B32-B5F9-40304915453F}.Debug|x86.Build.0 = Debug|Win32
		{D6DB358B-0EED-4B32-B5F9-40304915453F}.Release|x64.ActiveCfg = Release|x64
		{D6DB358B-0EED-4B32-B5F9-40304915453F}.Release|x64.Build.0 = Release|x64
		{D6DB358B-0EED-4B32-B5F9-40304915453F}.Release|x86.ActiveCfg = Release|Win32
		{D6DB358B-0EED-4B32-B5F9-40304915453F}.Release|x86.Build.0 = Release|Win32
	EndGlobalSection
	GlobalSection(SolutionProperties) = preSolution
		HideSolutionNode = FALSE
	EndGlobalSection
EndGlobal
